
Microsoft Visual Studio Solution File, Format Version 12.00
# Visual Studio 15
Project("{FAE04EC0-301F-11D3-BF4B-00C04F79EFBC}") = "Assembly-CSharp", "Assembly-CSharp.csproj", "{CB5A1CA6-3889-5FD1-9E0E-11B0654220AD}"
EndProject
Project("{FAE04EC0-301F-11D3-BF4B-00C04F79EFBC}") = "Assembly-CSharp-Editor", "Assembly-CSharp-Editor.csproj", "{D0C3EC48-5E0E-90FC-1A85-B2D79B9526B0}"
EndProject
Project("{FAE04EC0-301F-11D3-BF4B-00C04F79EFBC}") = "Assembly-CSharp-Editor-firstpass", "Assembly-CSharp-Editor-firstpass.csproj", "{5D9B1409-BAB0-AEC1-FF73-402D90A84DC8}"
EndProject
Global
	GlobalSection(SolutionConfigurationPlatforms) = preSolution
		Debug|Any CPU = Debug|Any CPU
		Release|Any CPU = Release|Any CPU
	EndGlobalSection
	GlobalSection(ProjectConfigurationPlatforms) = postSolution
		{CB5A1CA6-3889-5FD1-9E0E-11B0654220AD}.Debug|Any CPU.ActiveCfg = Debug|Any CPU
		{CB5A1CA6-3889-5FD1-9E0E-11B0654220AD}.Debug|Any CPU.Build.0 = Debug|Any CPU
		{CB5A1CA6-3889-5FD1-9E0E-11B0654220AD}.Release|Any CPU.ActiveCfg = Release|Any CPU
		{CB5A1CA6-3889-5FD1-9E0E-11B0654220AD}.Release|Any CPU.Build.0 = Release|Any CPU
		{D0C3EC48-5E0E-90FC-1A85-B2D79B9526B0}.Debug|Any CPU.ActiveCfg = Debug|Any CPU
		{D0C3EC48-5E0E-90FC-1A85-B2D79B9526B0}.Debug|Any CPU.Build.0 = Debug|Any CPU
		{D0C3EC48-5E0E-90FC-1A85-B2D79B9526B0}.Release|Any CPU.ActiveCfg = Release|Any CPU
		{D0C3EC48-5E0E-90FC-1A85-B2D79B9526B0}.Release|Any CPU.Build.0 = Release|Any CPU
		{5D9B1409-BAB0-AEC1-FF73-402D90A84DC8}.Debug|Any CPU.ActiveCfg = Debug|Any CPU
		{5D9B1409-BAB0-AEC1-FF73-402D90A84DC8}.Debug|Any CPU.Build.0 = Debug|Any CPU
		{5D9B1409-BAB0-AEC1-FF73-402D90A84DC8}.Release|Any CPU.ActiveCfg = Release|Any CPU
		{5D9B1409-BAB0-AEC1-FF73-402D90A84DC8}.Release|Any CPU.Build.0 = Release|Any CPU
	EndGlobalSection
	GlobalSection(SolutionProperties) = preSolution
		HideSolutionNode = FALSE
	EndGlobalSection
EndGlobal
